
Microsoft Visual Studio Solution File, Format Version 12.00
# Visual Studio Version 17
VisualStudioVersion = 17.2.32602.215
MinimumVisualStudioVersion = 10.0.40219.1
Project("{FAE04EC0-301F-11D3-BF4B-00C04F79EFBC}") = "task3", "task3\task3.csproj", "{B50CD3CC-FAEE-45B8-8AB0-AF092AE527CB}"
EndProject
Global
	GlobalSection(SolutionConfigurationPlatforms) = preSolution
		Debug|Any CPU = Debug|Any CPU
		Release|Any CPU = Release|Any CPU
	EndGlobalSection
	GlobalSection(ProjectConfigurationPlatforms) = postSolution
		{B50CD3CC-FAEE-45B8-8AB0-AF092AE527CB}.Debug|Any CPU.ActiveCfg = Debug|Any CPU
		{B50CD3CC-FAEE-45B8-8AB0-AF092AE527CB}.Debug|Any CPU.Build.0 = Debug|Any CPU
		{B50CD3CC-FAEE-45B8-8AB0-AF092AE527CB}.Release|Any CPU.ActiveCfg = Release|Any CPU
		{B50CD3CC-FAEE-45B8-8AB0-AF092AE527CB}.Release|Any CPU.Build.0 = Release|Any CPU
	EndGlobalSection
	GlobalSection(SolutionProperties) = preSolution
		HideSolutionNode = FALSE
	EndGlobalSection
	GlobalSection(ExtensibilityGlobals) = postSolution
		SolutionGuid = {EF0A6130-39EB-41AF-BEA3-64B3E462176D}
	EndGlobalSection
EndGlobal
