
Microsoft Visual Studio Solution File, Format Version 12.00
# Visual Studio Version 17
VisualStudioVersion = 17.2.32602.215
MinimumVisualStudioVersion = 10.0.40219.1
Project("{FAE04EC0-301F-11D3-BF4B-00C04F79EFBC}") = "task3", "task3\task3.csproj", "{2B61FCA1-6474-417A-9AF3-9C2FCBE6B92A}"
EndProject
Global
	GlobalSection(SolutionConfigurationPlatforms) = preSolution
		Debug|Any CPU = Debug|Any CPU
		Release|Any CPU = Release|Any CPU
	EndGlobalSection
	GlobalSection(ProjectConfigurationPlatforms) = postSolution
		{2B61FCA1-6474-417A-9AF3-9C2FCBE6B92A}.Debug|Any CPU.ActiveCfg = Debug|Any CPU
		{2B61FCA1-6474-417A-9AF3-9C2FCBE6B92A}.Debug|Any CPU.Build.0 = Debug|Any CPU
		{2B61FCA1-6474-417A-9AF3-9C2FCBE6B92A}.Release|Any CPU.ActiveCfg = Release|Any CPU
		{2B61FCA1-6474-417A-9AF3-9C2FCBE6B92A}.Release|Any CPU.Build.0 = Release|Any CPU
	EndGlobalSection
	GlobalSection(SolutionProperties) = preSolution
		HideSolutionNode = FALSE
	EndGlobalSection
	GlobalSection(ExtensibilityGlobals) = postSolution
		SolutionGuid = {1D8A9443-6015-4AFD-AF56-E9C3E5941CD3}
	EndGlobalSection
EndGlobal
