
Microsoft Visual Studio Solution File, Format Version 12.00
# Visual Studio Version 17
VisualStudioVersion = 17.2.32602.215
MinimumVisualStudioVersion = 10.0.40219.1
Project("{FAE04EC0-301F-11D3-BF4B-00C04F79EFBC}") = "task3", "task3\task3.csproj", "{D0417F3A-1462-4A99-9A13-9CA151DD7A7B}"
EndProject
Global
	GlobalSection(SolutionConfigurationPlatforms) = preSolution
		Debug|Any CPU = Debug|Any CPU
		Release|Any CPU = Release|Any CPU
	EndGlobalSection
	GlobalSection(ProjectConfigurationPlatforms) = postSolution
		{D0417F3A-1462-4A99-9A13-9CA151DD7A7B}.Debug|Any CPU.ActiveCfg = Debug|Any CPU
		{D0417F3A-1462-4A99-9A13-9CA151DD7A7B}.Debug|Any CPU.Build.0 = Debug|Any CPU
		{D0417F3A-1462-4A99-9A13-9CA151DD7A7B}.Release|Any CPU.ActiveCfg = Release|Any CPU
		{D0417F3A-1462-4A99-9A13-9CA151DD7A7B}.Release|Any CPU.Build.0 = Release|Any CPU
	EndGlobalSection
	GlobalSection(SolutionProperties) = preSolution
		HideSolutionNode = FALSE
	EndGlobalSection
	GlobalSection(ExtensibilityGlobals) = postSolution
		SolutionGuid = {D170CC90-5255-4419-9186-E8E6DBE1386D}
	EndGlobalSection
EndGlobal
